
Microsoft Visual Studio Solution File, Format Version 12.00
# Visual Studio Version 17
VisualStudioVersion = 17.14.36511.14 d17.14
MinimumVisualStudioVersion = 10.0.40219.1
Project("{FAE04EC0-301F-11D3-BF4B-00C04F79EFBC}") = "Canvas-1", "Canvas-1.csproj", "{CC828BA8-E359-4DC4-8221-5F79BC046271}"
EndProject
Global
	GlobalSection(SolutionConfigurationPlatforms) = preSolution
		Debug|Any CPU = Debug|Any CPU
		Release|Any CPU = Release|Any CPU
	EndGlobalSection
	GlobalSection(ProjectConfigurationPlatforms) = postSolution
		{CC828BA8-E359-4DC4-8221-5F79BC046271}.Debug|Any CPU.ActiveCfg = Debug|Any CPU
		{CC828BA8-E359-4DC4-8221-5F79BC046271}.Debug|Any CPU.Build.0 = Debug|Any CPU
		{CC828BA8-E359-4DC4-8221-5F79BC046271}.Release|Any CPU.ActiveCfg = Release|Any CPU
		{CC828BA8-E359-4DC4-8221-5F79BC046271}.Release|Any CPU.Build.0 = Release|Any CPU
	EndGlobalSection
	GlobalSection(SolutionProperties) = preSolution
		HideSolutionNode = FALSE
	EndGlobalSection
	GlobalSection(ExtensibilityGlobals) = postSolution
		SolutionGuid = {96A76E22-393C-4EAC-80E7-012ACE1F0903}
	EndGlobalSection
EndGlobal
