
Microsoft Visual Studio Solution File, Format Version 12.00
# Visual Studio Version 17
VisualStudioVersion = 17.14.36511.14 d17.14
MinimumVisualStudioVersion = 10.0.40219.1
Project("{FAE04EC0-301F-11D3-BF4B-00C04F79EFBC}") = "FiltradoPersonas", "FiltradoPersonas.csproj", "{CC10A700-3030-44D9-A88F-0A232C265796}"
EndProject
Global
	GlobalSection(SolutionConfigurationPlatforms) = preSolution
		Debug|Any CPU = Debug|Any CPU
		Release|Any CPU = Release|Any CPU
	EndGlobalSection
	GlobalSection(ProjectConfigurationPlatforms) = postSolution
		{CC10A700-3030-44D9-A88F-0A232C265796}.Debug|Any CPU.ActiveCfg = Debug|Any CPU
		{CC10A700-3030-44D9-A88F-0A232C265796}.Debug|Any CPU.Build.0 = Debug|Any CPU
		{CC10A700-3030-44D9-A88F-0A232C265796}.Release|Any CPU.ActiveCfg = Release|Any CPU
		{CC10A700-3030-44D9-A88F-0A232C265796}.Release|Any CPU.Build.0 = Release|Any CPU
	EndGlobalSection
	GlobalSection(SolutionProperties) = preSolution
		HideSolutionNode = FALSE
	EndGlobalSection
	GlobalSection(ExtensibilityGlobals) = postSolution
		SolutionGuid = {0B8D796C-230C-4583-B119-4D9E3E3C4D6E}
	EndGlobalSection
EndGlobal
